
Microsoft Visual Studio Solution File, Format Version 12.00
# Visual Studio Version 17
VisualStudioVersion = 17.7.34003.232
MinimumVisualStudioVersion = 10.0.40219.1
Project("{FAE04EC0-301F-11D3-BF4B-00C04F79EFBC}") = "Lab4", "Lab4.csproj", "{4C2C3C60-3E1F-4F33-A2BA-6DC15867A3DC}"
EndProject
Global
	GlobalSection(SolutionConfigurationPlatforms) = preSolution
		Debug|Any CPU = Debug|Any CPU
		Release|Any CPU = Release|Any CPU
	EndGlobalSection
	GlobalSection(ProjectConfigurationPlatforms) = postSolution
		{4C2C3C60-3E1F-4F33-A2BA-6DC15867A3DC}.Debug|Any CPU.ActiveCfg = Debug|Any CPU
		{4C2C3C60-3E1F-4F33-A2BA-6DC15867A3DC}.Debug|Any CPU.Build.0 = Debug|Any CPU
		{4C2C3C60-3E1F-4F33-A2BA-6DC15867A3DC}.Release|Any CPU.ActiveCfg = Release|Any CPU
		{4C2C3C60-3E1F-4F33-A2BA-6DC15867A3DC}.Release|Any CPU.Build.0 = Release|Any CPU
	EndGlobalSection
	GlobalSection(SolutionProperties) = preSolution
		HideSolutionNode = FALSE
	EndGlobalSection
	GlobalSection(ExtensibilityGlobals) = postSolution
		SolutionGuid = {7F1DCC40-7DBC-4796-ACCB-1F7B4886189E}
	EndGlobalSection
EndGlobal
